
Microsoft Visual Studio Solution File, Format Version 12.00
# Visual Studio Version 17
VisualStudioVersion = 17.11.35327.3
MinimumVisualStudioVersion = 10.0.40219.1
Project("{FAE04EC0-301F-11D3-BF4B-00C04F79EFBC}") = "ServerTLMN", "ServerTLMN\ServerTLMN.csproj", "{8F80F525-4F8F-4870-B180-053D5BA80DC9}"
EndProject
Global
	GlobalSection(SolutionConfigurationPlatforms) = preSolution
		Debug|Any CPU = Debug|Any CPU
		Release|Any CPU = Release|Any CPU
	EndGlobalSection
	GlobalSection(ProjectConfigurationPlatforms) = postSolution
		{8F80F525-4F8F-4870-B180-053D5BA80DC9}.Debug|Any CPU.ActiveCfg = Debug|Any CPU
		{8F80F525-4F8F-4870-B180-053D5BA80DC9}.Debug|Any CPU.Build.0 = Debug|Any CPU
		{8F80F525-4F8F-4870-B180-053D5BA80DC9}.Release|Any CPU.ActiveCfg = Release|Any CPU
		{8F80F525-4F8F-4870-B180-053D5BA80DC9}.Release|Any CPU.Build.0 = Release|Any CPU
	EndGlobalSection
	GlobalSection(SolutionProperties) = preSolution
		HideSolutionNode = FALSE
	EndGlobalSection
	GlobalSection(ExtensibilityGlobals) = postSolution
		SolutionGuid = {D5DF0A85-ACBC-4579-A281-DAC0B0096A23}
	EndGlobalSection
EndGlobal
